
Microsoft Visual Studio Solution File, Format Version 12.00
# Visual Studio Version 17
VisualStudioVersion = 17.7.34221.43
MinimumVisualStudioVersion = 10.0.40219.1
Project("{FAE04EC0-301F-11D3-BF4B-00C04F79EFBC}") = "UserMaintenance", "UserMaintenance\UserMaintenance.csproj", "{07B65F2A-CB27-46D9-B6C3-26EA4ECF2EE6}"
EndProject
Global
	GlobalSection(SolutionConfigurationPlatforms) = preSolution
		Debug|Any CPU = Debug|Any CPU
		Release|Any CPU = Release|Any CPU
	EndGlobalSection
	GlobalSection(ProjectConfigurationPlatforms) = postSolution
		{07B65F2A-CB27-46D9-B6C3-26EA4ECF2EE6}.Debug|Any CPU.ActiveCfg = Debug|Any CPU
		{07B65F2A-CB27-46D9-B6C3-26EA4ECF2EE6}.Debug|Any CPU.Build.0 = Debug|Any CPU
		{07B65F2A-CB27-46D9-B6C3-26EA4ECF2EE6}.Release|Any CPU.ActiveCfg = Release|Any CPU
		{07B65F2A-CB27-46D9-B6C3-26EA4ECF2EE6}.Release|Any CPU.Build.0 = Release|Any CPU
	EndGlobalSection
	GlobalSection(SolutionProperties) = preSolution
		HideSolutionNode = FALSE
	EndGlobalSection
	GlobalSection(ExtensibilityGlobals) = postSolution
		SolutionGuid = {9E155DF3-546E-42C3-B3B2-F4AE2B626FDA}
	EndGlobalSection
EndGlobal
